
Microsoft Visual Studio Solution File, Format Version 12.00
# Visual Studio Version 17
VisualStudioVersion = 17.4.33205.214
MinimumVisualStudioVersion = 10.0.40219.1
Project("{FAE04EC0-301F-11D3-BF4B-00C04F79EFBC}") = "Task1", "Task1\Task1.csproj", "{8F120661-FCFA-4AD9-B0BD-4608AD920A8D}"
EndProject
Global
	GlobalSection(SolutionConfigurationPlatforms) = preSolution
		Debug|Any CPU = Debug|Any CPU
		Release|Any CPU = Release|Any CPU
	EndGlobalSection
	GlobalSection(ProjectConfigurationPlatforms) = postSolution
		{8F120661-FCFA-4AD9-B0BD-4608AD920A8D}.Debug|Any CPU.ActiveCfg = Debug|Any CPU
		{8F120661-FCFA-4AD9-B0BD-4608AD920A8D}.Debug|Any CPU.Build.0 = Debug|Any CPU
		{8F120661-FCFA-4AD9-B0BD-4608AD920A8D}.Release|Any CPU.ActiveCfg = Release|Any CPU
		{8F120661-FCFA-4AD9-B0BD-4608AD920A8D}.Release|Any CPU.Build.0 = Release|Any CPU
	EndGlobalSection
	GlobalSection(SolutionProperties) = preSolution
		HideSolutionNode = FALSE
	EndGlobalSection
	GlobalSection(ExtensibilityGlobals) = postSolution
		SolutionGuid = {094E03AA-B5F6-42FE-B02B-3E17D0F98153}
	EndGlobalSection
EndGlobal
